
Microsoft Visual Studio Solution File, Format Version 12.00
Project("{FAE04EC0-301F-11D3-BF4B-00C04F79EFBC}") = "Authz", "src/Authz/Authz.csproj", "{922123EC-89B2-4576-B17B-5F26AEA11C4A}"
EndProject
Global
	GlobalSection(SolutionConfigurationPlatforms) = preSolution
		Debug|Any CPU = Debug|Any CPU
		Release|Any CPU = Release|Any CPU
	EndGlobalSection
	GlobalSection(ProjectConfigurationPlatforms) = postSolution
		{922123EC-89B2-4576-B17B-5F26AEA11C4A}.Debug|Any CPU.ActiveCfg = Debug|Any CPU
		{922123EC-89B2-4576-B17B-5F26AEA11C4A}.Debug|Any CPU.Build.0 = Debug|Any CPU
		{922123EC-89B2-4576-B17B-5F26AEA11C4A}.Release|Any CPU.ActiveCfg = Release|Any CPU
		{922123EC-89B2-4576-B17B-5F26AEA11C4A}.Release|Any CPU.Build.0 = Release|Any CPU
	EndGlobalSection
EndGlobal
